
Microsoft Visual Studio Solution File, Format Version 12.00
# Visual Studio 15
VisualStudioVersion = 15.0.27428.2037
MinimumVisualStudioVersion = 10.0.40219.1
Project("{F2A71F9B-5D33-465A-A702-920D77279786}") = "rhours", "rhours\rhours.fsproj", "{4E6C2EFE-A145-4F42-ABD9-D73B44AA92F9}"
EndProject
Global
	GlobalSection(SolutionConfigurationPlatforms) = preSolution
		Debug|Any CPU = Debug|Any CPU
		Release|Any CPU = Release|Any CPU
	EndGlobalSection
	GlobalSection(ProjectConfigurationPlatforms) = postSolution
		{4E6C2EFE-A145-4F42-ABD9-D73B44AA92F9}.Debug|Any CPU.ActiveCfg = Debug|Any CPU
		{4E6C2EFE-A145-4F42-ABD9-D73B44AA92F9}.Debug|Any CPU.Build.0 = Debug|Any CPU
		{4E6C2EFE-A145-4F42-ABD9-D73B44AA92F9}.Release|Any CPU.ActiveCfg = Release|Any CPU
		{4E6C2EFE-A145-4F42-ABD9-D73B44AA92F9}.Release|Any CPU.Build.0 = Release|Any CPU
	EndGlobalSection
	GlobalSection(SolutionProperties) = preSolution
		HideSolutionNode = FALSE
	EndGlobalSection
	GlobalSection(ExtensibilityGlobals) = postSolution
		SolutionGuid = {FD67F5BC-21FC-4995-86DF-1E58DB14E330}
	EndGlobalSection
EndGlobal
